Microsoft Visual Studio Solution File, Format Version 10.00
# Visual Studio 2008

Project("{802B1C15-C184-C2FA-9E76-E9089009A100}") = "HouseDIY-demo", "Assembly-UnityScript.unityproj", "{A1142C7D-76DE-D6F0-AFFE-A338DB715A47}"
EndProject
Global
	GlobalSection(SolutionConfigurationPlatforms) = preSolution
		Debug|Any CPU = Debug|Any CPU
		Release|Any CPU = Release|Any CPU
	EndGlobalSection
	GlobalSection(ProjectConfigurationPlatforms) = postSolution
		{A1142C7D-76DE-D6F0-AFFE-A338DB715A47}.Debug|Any CPU.ActiveCfg = Debug|Any CPU
		{A1142C7D-76DE-D6F0-AFFE-A338DB715A47}.Debug|Any CPU.Build.0 = Debug|Any CPU
		{A1142C7D-76DE-D6F0-AFFE-A338DB715A47}.Release|Any CPU.ActiveCfg = Release|Any CPU
		{A1142C7D-76DE-D6F0-AFFE-A338DB715A47}.Release|Any CPU.Build.0 = Release|Any CPU
	EndGlobalSection
	GlobalSection(SolutionProperties) = preSolution
		HideSolutionNode = FALSE
	EndGlobalSection
	
EndGlobal
